{
  "requires": true,
  "lockfileVersion": 1,
  "dependencies": {
    "chartjs-plugin-datalabels": {
      "version": "1.0.0",
      "resolved": "https://registry.npmjs.org/chartjs-plugin-datalabels/-/chartjs-plugin-datalabels-1.0.0.tgz",
      "integrity": "sha512-rqaAFrZT++7OoCJgRCPjugTR4kYpdmrTeX7qHTAZoNQaOaMdx4g6o0Eo9J7n3qLRQrhWjh9l731JsrbkJxL7Vg=="
    }
  }
}
